github.com/davecgh/go-spew v1.1.0/go.mod h1:J7Y8YcW2NihsgmVo/mv3lAwl/skON4iLHjSsI+c5H38=
github.com/evanphx/json-patch v4.5.0+incompatible/go.mod h1:50XU6AFN0ol/bzJsmQLiYLvXMP4fmwYFNcr97nuDLSk=
github.com/gorilla/websocket v1.4.1 h1:q7AeDBpnBk8AogcD4DSag/Ukw/KV+YhzLj2bP5HvKCM=
github.com/gorilla/websocket v1.4.1/go.mod h1:YR8l580nyteQvAITg2hZ9XVh4b55+EU/adAjf1fMHhE=
github.com/jpillora/eventsource v0.0.0-20170920003432-7ed8c999e167 h1:e+b0kVgqckdJnfgmJM8vqG6PnyRbdhI26tVfCNf3kMw=
github.com/jpillora/eventsource v0.0.0-20170920003432-7ed8c999e167/go.mod h1:qaSVvI/JUZarbxO3OwihjLyh9SO49T1cGjUeyIheDAs=
github.com/jpillora/velox v0.0.0-20180825063758-42845d323220 h1:/Vd3hZfOq+NZuY9OQ2pQ/dN8O1J2Kx4x77jmCIxpAQk=
github.com/jpillora/velox v0.0.0-20180825063758-42845d323220/go.mod h1:ql/Vc4cQrLfCUIccPRpchZMhTcbnXBXUAvMglI6z3yQ=
github.com/mattbaird/jsonpatch v0.0.0-20171005235357-81af80346b1a h1:+J2gw7Bw77w/fbK7wnNJJDKmw1IbWft2Ul5BzrG1Qm8=
github.com/mattbaird/jsonpatch v0.0.0-20171005235357-81af80346b1a/go.mod h1:M1qoD/MqPgTZIk0EWKB38wE28ACRfVcn+cU08jyArI0=
github.com/pkg/errors v0.8.1/go.mod h1:bwawxfHBFNV+L2hUp1rHADufV3IMtnDRdf1r5NINEl0=
github.com/pkg/errors v0.9.1/go.mod h1:bwawxfHBFNV+L2hUp1rHADufV3IMtnDRdf1r5NINEl0=
github.com/pmezard/go-difflib v1.0.0/go.mod h1:iKH77koFhYxTK1pcRnkKkqfTogsbg7gZNVY4sRDYZ/4=
github.com/stretchr/objx v0.1.0/go.mod h1:HFkY916IF+rwdDfMAkV7OtwuqBVzrE8GR6GFx+wExME=
github.com/stretchr/testify v1.3.0/go.mod h1:M5WIy9Dh21IEIfnGCwXGc5bZfKNJtfHm1UVUgZn+9EI=
gomodules.xyz/jsonpatch v2.0.1+incompatible h1:YHwV0cMfpSe50rtrw9Lv1AWb0JS44eXNYLt3Xh6DJHQ=
gomodules.xyz/jsonpatch/v2 v2.0.1 h1:xyiBuvkD2g5n7cYzx6u2sxQvsAy4QJsZFCzGVdzOXZ0=
gomodules.xyz/jsonpatch/v2 v2.0.1/go.mod h1:IhYNNY4jnS53ZnfE4PAmpKtDpTCj1JFXc+3mwe7XcUU=
